
Microsoft Visual Studio Solution File, Format Version 12.00
# Visual Studio Version 16
VisualStudioVersion = 16.0.34931.43
MinimumVisualStudioVersion = 10.0.40219.1
Project("{8BC9CEB8-8B4A-11D0-8D11-00A0C91BC942}") = "MiliAndMure", "MiliAndMure\MiliAndMure.vcxproj", "{B868484F-0C44-4265-8F58-1D7E2589FA06}"
EndProject
Global
	GlobalSection(SolutionConfigurationPlatforms) = preSolution
		Debug|x64 = Debug|x64
		Debug|x86 = Debug|x86
		Release|x64 = Release|x64
		Release|x86 = Release|x86
	EndGlobalSection
	GlobalSection(ProjectConfigurationPlatforms) = postSolution
		{B868484F-0C44-4265-8F58-1D7E2589FA06}.Debug|x64.ActiveCfg = Debug|x64
		{B868484F-0C44-4265-8F58-1D7E2589FA06}.Debug|x64.Build.0 = Debug|x64
		{B868484F-0C44-4265-8F58-1D7E2589FA06}.Debug|x86.ActiveCfg = Debug|Win32
		{B868484F-0C44-4265-8F58-1D7E2589FA06}.Debug|x86.Build.0 = Debug|Win32
		{B868484F-0C44-4265-8F58-1D7E2589FA06}.Release|x64.ActiveCfg = Release|x64
		{B868484F-0C44-4265-8F58-1D7E2589FA06}.Release|x64.Build.0 = Release|x64
		{B868484F-0C44-4265-8F58-1D7E2589FA06}.Release|x86.ActiveCfg = Release|Win32
		{B868484F-0C44-4265-8F58-1D7E2589FA06}.Release|x86.Build.0 = Release|Win32
	EndGlobalSection
	GlobalSection(SolutionProperties) = preSolution
		HideSolutionNode = FALSE
	EndGlobalSection
	GlobalSection(ExtensibilityGlobals) = postSolution
		SolutionGuid = {E99FC11B-499C-4587-AA9D-95E26032D147}
	EndGlobalSection
EndGlobal
